
Microsoft Visual Studio Solution File, Format Version 12.00
# Visual Studio Version 17
VisualStudioVersion = 17.6.33723.286
MinimumVisualStudioVersion = 10.0.40219.1
Project("{FAE04EC0-301F-11D3-BF4B-00C04F79EFBC}") = "Consumidor", "Publicador1\Consumidor.csproj", "{D90CE764-B266-4927-B83C-199A2B1E64D8}"
EndProject
Project("{FAE04EC0-301F-11D3-BF4B-00C04F79EFBC}") = "Publicador", "Consumidor1\Publicador.csproj", "{6C7EA02E-0839-4CFB-8FD1-418E7AAFA858}"
EndProject
Project("{2150E333-8FDC-42A3-9474-1A3956D46DE8}") = "1 - SingleConsumer", "1 - SingleConsumer", "{EC47374A-0D1D-412E-920C-BCE5D2753BF9}"
EndProject
Project("{2150E333-8FDC-42A3-9474-1A3956D46DE8}") = "2- MultipleConsumers", "2- MultipleConsumers", "{DD0CB118-A28A-4B36-A599-A28A7764BF0E}"
EndProject
Project("{FAE04EC0-301F-11D3-BF4B-00C04F79EFBC}") = "Consumidor01", "Consumidor01\Consumidor01.csproj", "{2F0C0A37-7353-4026-8D03-7C90790CBAF5}"
EndProject
Project("{FAE04EC0-301F-11D3-BF4B-00C04F79EFBC}") = "Consumidor02", "Consumidor02\Consumidor02.csproj", "{AD6E9812-BE5E-4CB3-A9A0-90C0DDD73CE9}"
EndProject
Project("{FAE04EC0-301F-11D3-BF4B-00C04F79EFBC}") = "Publicador01", "Publicador01\Publicador01.csproj", "{8E0610EF-94F0-49EC-BF43-F858C2CBB79F}"
EndProject
Project("{2150E333-8FDC-42A3-9474-1A3956D46DE8}") = "3 - Routing", "3 - Routing", "{2A85C741-5C1A-4B2A-97A4-B1350103008B}"
EndProject
Project("{2150E333-8FDC-42A3-9474-1A3956D46DE8}") = "4 - Topics", "4 - Topics", "{A4906284-AD58-41FF-B0BD-8266182B7EC3}"
EndProject
Project("{FAE04EC0-301F-11D3-BF4B-00C04F79EFBC}") = "Consumidor03", "Consumidor03\Consumidor03.csproj", "{B291D219-D3FD-4E67-B92F-3ABCFFE0F8FD}"
EndProject
Project("{FAE04EC0-301F-11D3-BF4B-00C04F79EFBC}") = "Consumidor04", "Consumidor04\Consumidor04.csproj", "{DAD98D18-66E5-48AB-810C-F61BCCCC753E}"
EndProject
Project("{FAE04EC0-301F-11D3-BF4B-00C04F79EFBC}") = "Publicador02", "Publicador02\Publicador02.csproj", "{458039F8-C013-4DBE-9B2F-BBECFF7D40EC}"
EndProject
Global
	GlobalSection(SolutionConfigurationPlatforms) = preSolution
		Debug|Any CPU = Debug|Any CPU
		Release|Any CPU = Release|Any CPU
	EndGlobalSection
	GlobalSection(ProjectConfigurationPlatforms) = postSolution
		{D90CE764-B266-4927-B83C-199A2B1E64D8}.Debug|Any CPU.ActiveCfg = Debug|Any CPU
		{D90CE764-B266-4927-B83C-199A2B1E64D8}.Debug|Any CPU.Build.0 = Debug|Any CPU
		{D90CE764-B266-4927-B83C-199A2B1E64D8}.Release|Any CPU.ActiveCfg = Release|Any CPU
		{D90CE764-B266-4927-B83C-199A2B1E64D8}.Release|Any CPU.Build.0 = Release|Any CPU
		{6C7EA02E-0839-4CFB-8FD1-418E7AAFA858}.Debug|Any CPU.ActiveCfg = Debug|Any CPU
		{6C7EA02E-0839-4CFB-8FD1-418E7AAFA858}.Debug|Any CPU.Build.0 = Debug|Any CPU
		{6C7EA02E-0839-4CFB-8FD1-418E7AAFA858}.Release|Any CPU.ActiveCfg = Release|Any CPU
		{6C7EA02E-0839-4CFB-8FD1-418E7AAFA858}.Release|Any CPU.Build.0 = Release|Any CPU
		{2F0C0A37-7353-4026-8D03-7C90790CBAF5}.Debug|Any CPU.ActiveCfg = Debug|Any CPU
		{2F0C0A37-7353-4026-8D03-7C90790CBAF5}.Debug|Any CPU.Build.0 = Debug|Any CPU
		{2F0C0A37-7353-4026-8D03-7C90790CBAF5}.Release|Any CPU.ActiveCfg = Release|Any CPU
		{2F0C0A37-7353-4026-8D03-7C90790CBAF5}.Release|Any CPU.Build.0 = Release|Any CPU
		{AD6E9812-BE5E-4CB3-A9A0-90C0DDD73CE9}.Debug|Any CPU.ActiveCfg = Debug|Any CPU
		{AD6E9812-BE5E-4CB3-A9A0-90C0DDD73CE9}.Debug|Any CPU.Build.0 = Debug|Any CPU
		{AD6E9812-BE5E-4CB3-A9A0-90C0DDD73CE9}.Release|Any CPU.ActiveCfg = Release|Any CPU
		{AD6E9812-BE5E-4CB3-A9A0-90C0DDD73CE9}.Release|Any CPU.Build.0 = Release|Any CPU
		{8E0610EF-94F0-49EC-BF43-F858C2CBB79F}.Debug|Any CPU.ActiveCfg = Debug|Any CPU
		{8E0610EF-94F0-49EC-BF43-F858C2CBB79F}.Debug|Any CPU.Build.0 = Debug|Any CPU
		{8E0610EF-94F0-49EC-BF43-F858C2CBB79F}.Release|Any CPU.ActiveCfg = Release|Any CPU
		{8E0610EF-94F0-49EC-BF43-F858C2CBB79F}.Release|Any CPU.Build.0 = Release|Any CPU
		{B291D219-D3FD-4E67-B92F-3ABCFFE0F8FD}.Debug|Any CPU.ActiveCfg = Debug|Any CPU
		{B291D219-D3FD-4E67-B92F-3ABCFFE0F8FD}.Debug|Any CPU.Build.0 = Debug|Any CPU
		{B291D219-D3FD-4E67-B92F-3ABCFFE0F8FD}.Release|Any CPU.ActiveCfg = Release|Any CPU
		{B291D219-D3FD-4E67-B92F-3ABCFFE0F8FD}.Release|Any CPU.Build.0 = Release|Any CPU
		{DAD98D18-66E5-48AB-810C-F61BCCCC753E}.Debug|Any CPU.ActiveCfg = Debug|Any CPU
		{DAD98D18-66E5-48AB-810C-F61BCCCC753E}.Debug|Any CPU.Build.0 = Debug|Any CPU
		{DAD98D18-66E5-48AB-810C-F61BCCCC753E}.Release|Any CPU.ActiveCfg = Release|Any CPU
		{DAD98D18-66E5-48AB-810C-F61BCCCC753E}.Release|Any CPU.Build.0 = Release|Any CPU
		{458039F8-C013-4DBE-9B2F-BBECFF7D40EC}.Debug|Any CPU.ActiveCfg = Debug|Any CPU
		{458039F8-C013-4DBE-9B2F-BBECFF7D40EC}.Debug|Any CPU.Build.0 = Debug|Any CPU
		{458039F8-C013-4DBE-9B2F-BBECFF7D40EC}.Release|Any CPU.ActiveCfg = Release|Any CPU
		{458039F8-C013-4DBE-9B2F-BBECFF7D40EC}.Release|Any CPU.Build.0 = Release|Any CPU
	EndGlobalSection
	GlobalSection(SolutionProperties) = preSolution
		HideSolutionNode = FALSE
	EndGlobalSection
	GlobalSection(NestedProjects) = preSolution
		{D90CE764-B266-4927-B83C-199A2B1E64D8} = {EC47374A-0D1D-412E-920C-BCE5D2753BF9}
		{6C7EA02E-0839-4CFB-8FD1-418E7AAFA858} = {EC47374A-0D1D-412E-920C-BCE5D2753BF9}
		{2F0C0A37-7353-4026-8D03-7C90790CBAF5} = {DD0CB118-A28A-4B36-A599-A28A7764BF0E}
		{AD6E9812-BE5E-4CB3-A9A0-90C0DDD73CE9} = {DD0CB118-A28A-4B36-A599-A28A7764BF0E}
		{8E0610EF-94F0-49EC-BF43-F858C2CBB79F} = {DD0CB118-A28A-4B36-A599-A28A7764BF0E}
		{B291D219-D3FD-4E67-B92F-3ABCFFE0F8FD} = {2A85C741-5C1A-4B2A-97A4-B1350103008B}
		{DAD98D18-66E5-48AB-810C-F61BCCCC753E} = {2A85C741-5C1A-4B2A-97A4-B1350103008B}
		{458039F8-C013-4DBE-9B2F-BBECFF7D40EC} = {2A85C741-5C1A-4B2A-97A4-B1350103008B}
	EndGlobalSection
	GlobalSection(ExtensibilityGlobals) = postSolution
		SolutionGuid = {D43037A1-37A0-4DDF-9C0D-791BE7BCD03F}
	EndGlobalSection
EndGlobal
